// !$*UTF8*$!
{
	archiveVersion = 1;
	classes = {
	};
	objectVersion = 48;
	objects = {

/* Begin PBXBuildFile section */
		8709DE362087412D000C744C /* SGSnake.m in Sources */ = {isa = PBXBuildFile; fileRef = 8709DE352087412D000C744C /* SGSnake.m */; };
		8709DE3920888269000C744C /* SGGameView.m in Sources */ = {isa = PBXBuildFile; fileRef = 8709DE3820888269000C744C /* SGGameView.m */; };
		87BA5C88208A58AC00D78E9D /* SGBase.m in Sources */ = {isa = PBXBuildFile; fileRef = 87BA5C87208A58AC00D78E9D /* SGBase.m */; };
		87BCC62A2087139900CEC3BE /* AppDelegate.m in Sources */ = {isa = PBXBuildFile; fileRef = 87BCC6292087139900CEC3BE /* AppDelegate.m */; };
		87BCC62D2087139900CEC3BE /* SGViewController.m in Sources */ = {isa = PBXBuildFile; fileRef = 87BCC62C2087139900CEC3BE /* SGViewController.m */; };
		87BCC6302087139900CEC3BE /* Main.storyboard in Resources */ = {isa = PBXBuildFile; fileRef = 87BCC62E2087139900CEC3BE /* Main.storyboard */; };
		87BCC6322087139900CEC3BE /* Assets.xcassets in Resources */ = {isa = PBXBuildFile; fileRef = 87BCC6312087139900CEC3BE /* Assets.xcassets */; };
		87BCC6352087139900CEC3BE /* LaunchScreen.storyboard in Resources */ = {isa = PBXBuildFile; fileRef = 87BCC6332087139900CEC3BE /* LaunchScreen.storyboard */; };
		87BCC6382087139900CEC3BE /* main.m in Sources */ = {isa = PBXBuildFile; fileRef = 87BCC6372087139900CEC3BE /* main.m */; };
		87BCC6422087139900CEC3BE /* SnakeGameTests.m in Sources */ = {isa = PBXBuildFile; fileRef = 87BCC6412087139900CEC3BE /* SnakeGameTests.m */; };
/* End PBXBuildFile section */

/* Begin PBXContainerItemProxy section */
		87BCC63E2087139900CEC3BE /* PBXContainerItemProxy */ = {
			isa = PBXContainerItemProxy;
			containerPortal = 87BCC61D2087139800CEC3BE /* Project object */;
			proxyType = 1;
			remoteGlobalIDString = 87BCC6242087139800CEC3BE;
			remoteInfo = SnakeGame;
		};
/* End PBXContainerItemProxy section */

/* Begin PBXFileReference section */
		8709DE342087412D000C744C /* SGSnake.h */ = {isa = PBXFileReference; lastKnownFileType = sourcecode.c.h; path = SGSnake.h; sourceTree = "<group>"; };
		8709DE352087412D000C744C /* SGSnake.m */ = {isa = PBXFileReference; lastKnownFileType = sourcecode.c.objc; path = SGSnake.m; sourceTree = "<group>"; };
		8709DE3720888269000C744C /* SGGameView.h */ = {isa = PBXFileReference; lastKnownFileType = sourcecode.c.h; path = SGGameView.h; sourceTree = "<group>"; };
		8709DE3820888269000C744C /* SGGameView.m */ = {isa = PBXFileReference; lastKnownFileType = sourcecode.c.objc; path = SGGameView.m; sourceTree = "<group>"; };
		87BA5C86208A58AC00D78E9D /* SGBase.h */ = {isa = PBXFileReference; lastKnownFileType = sourcecode.c.h; path = SGBase.h; sourceTree = "<group>"; };
		87BA5C87208A58AC00D78E9D /* SGBase.m */ = {isa = PBXFileReference; lastKnownFileType = sourcecode.c.objc; path = SGBase.m; sourceTree = "<group>"; };
		87BCC6252087139900CEC3BE /* SnakeGame.app */ = {isa = PBXFileReference; explicitFileType = wrapper.application; includeInIndex = 0; path = SnakeGame.app; sourceTree = BUILT_PRODUCTS_DIR; };
		87BCC6282087139900CEC3BE /* AppDelegate.h */ = {isa = PBXFileReference; lastKnownFileType = sourcecode.c.h; path = AppDelegate.h; sourceTree = "<group>"; };
		87BCC6292087139900CEC3BE /* AppDelegate.m */ = {isa = PBXFileReference; lastKnownFileType = sourcecode.c.objc; path = AppDelegate.m; sourceTree = "<group>"; };
		87BCC62B2087139900CEC3BE /* SGViewController.h */ = {isa = PBXFileReference; lastKnownFileType = sourcecode.c.h; path = SGViewController.h; sourceTree = "<group>"; };
		87BCC62C2087139900CEC3BE /* SGViewController.m */ = {isa = PBXFileReference; lastKnownFileType = sourcecode.c.objc; path = SGViewController.m; sourceTree = "<group>"; };
		87BCC62F2087139900CEC3BE /* Base */ = {isa = PBXFileReference; lastKnownFileType = file.storyboard; name = Base; path = Base.lproj/Main.storyboard; sourceTree = "<group>"; };
		87BCC6312087139900CEC3BE /* Assets.xcassets */ = {isa = PBXFileReference; lastKnownFileType = folder.assetcatalog; path = Assets.xcassets; sourceTree = "<group>"; };
		87BCC6342087139900CEC3BE /* Base */ = {isa = PBXFileReference; lastKnownFileType = file.storyboard; name = Base; path = Base.lproj/LaunchScreen.storyboard; sourceTree = "<group>"; };
		87BCC6362087139900CEC3BE /* Info.plist */ = {isa = PBXFileReference; lastKnownFileType = text.plist.xml; path = Info.plist; sourceTree = "<group>"; };
		87BCC6372087139900CEC3BE /* main.m */ = {isa = PBXFileReference; lastKnownFileType = sourcecode.c.objc; path = main.m; sourceTree = "<group>"; };
		87BCC63D2087139900CEC3BE /* SnakeGameTests.xctest */ = {isa = PBXFileReference; explicitFileType = wrapper.cfbundle; includeInIndex = 0; path = SnakeGameTests.xctest; sourceTree = BUILT_PRODUCTS_DIR; };
		87BCC6412087139900CEC3BE /* SnakeGameTests.m */ = {isa = PBXFileReference; lastKnownFileType = sourcecode.c.objc; path = SnakeGameTests.m; sourceTree = "<group>"; };
		87BCC6432087139900CEC3BE /* Info.plist */ = {isa = PBXFileReference; lastKnownFileType = text.plist.xml; path = Info.plist; sourceTree = "<group>"; };
/* End PBXFileReference section */

/* Begin PBXFrameworksBuildPhase section */
		87BCC6222087139800CEC3BE /* Frameworks */ = {
			isa = PBXFrameworksBuildPhase;
			buildActionMask = 2147483647;
			files = (
			);
			runOnlyForDeploymentPostprocessing = 0;
		};
		87BCC63A2087139900CEC3BE /* Frameworks */ = {
			isa = PBXFrameworksBuildPhase;
			buildActionMask = 2147483647;
			files = (
			);
			runOnlyForDeploymentPostprocessing = 0;
		};
/* End PBXFrameworksBuildPhase section */

/* Begin PBXGroup section */
		8709DE2C2087167F000C744C /* Controller */ = {
			isa = PBXGroup;
			children = (
				87BCC62B2087139900CEC3BE /* SGViewController.h */,
				87BCC62C2087139900CEC3BE /* SGViewController.m */,
			);
			path = Controller;
			sourceTree = "<group>";
		};
		8709DE3220874108000C744C /* View */ = {
			isa = PBXGroup;
			children = (
				8709DE3720888269000C744C /* SGGameView.h */,
				8709DE3820888269000C744C /* SGGameView.m */,
			);
			path = View;
			sourceTree = "<group>";
		};
		8709DE332087410F000C744C /* Model */ = {
			isa = PBXGroup;
			children = (
				8709DE342087412D000C744C /* SGSnake.h */,
				8709DE352087412D000C744C /* SGSnake.m */,
			);
			path = Model;
			sourceTree = "<group>";
		};
		87BCC61C2087139800CEC3BE = {
			isa = PBXGroup;
			children = (
				87BCC6272087139900CEC3BE /* SnakeGame */,
				87BCC6402087139900CEC3BE /* SnakeGameTests */,
				87BCC6262087139900CEC3BE /* Products */,
			);
			sourceTree = "<group>";
		};
		87BCC6262087139900CEC3BE /* Products */ = {
			isa = PBXGroup;
			children = (
				87BCC6252087139900CEC3BE /* SnakeGame.app */,
				87BCC63D2087139900CEC3BE /* SnakeGameTests.xctest */,
			);
			name = Products;
			sourceTree = "<group>";
		};
		87BCC6272087139900CEC3BE /* SnakeGame */ = {
			isa = PBXGroup;
			children = (
				87BCC6282087139900CEC3BE /* AppDelegate.h */,
				87BCC6292087139900CEC3BE /* AppDelegate.m */,
				8709DE332087410F000C744C /* Model */,
				8709DE3220874108000C744C /* View */,
				8709DE2C2087167F000C744C /* Controller */,
				87BA5C86208A58AC00D78E9D /* SGBase.h */,
				87BA5C87208A58AC00D78E9D /* SGBase.m */,
				87BCC62E2087139900CEC3BE /* Main.storyboard */,
				87BCC6312087139900CEC3BE /* Assets.xcassets */,
				87BCC6332087139900CEC3BE /* LaunchScreen.storyboard */,
				87BCC6362087139900CEC3BE /* Info.plist */,
				87BCC6372087139900CEC3BE /* main.m */,
			);
			path = SnakeGame;
			sourceTree = "<group>";
		};
		87BCC6402087139900CEC3BE /* SnakeGameTests */ = {
			isa = PBXGroup;
			children = (
				87BCC6412087139900CEC3BE /* SnakeGameTests.m */,
				87BCC6432087139900CEC3BE /* Info.plist */,
			);
			path = SnakeGameTests;
			sourceTree = "<group>";
		};
/* End PBXGroup section */

/* Begin PBXNativeTarget section */
		87BCC6242087139800CEC3BE /* SnakeGame */ = {
			isa = PBXNativeTarget;
			buildConfigurationList = 87BCC6462087139900CEC3BE /* Build configuration list for PBXNativeTarget "SnakeGame" */;
			buildPhases = (
				87BCC6212087139800CEC3BE /* Sources */,
				87BCC6222087139800CEC3BE /* Frameworks */,
				87BCC6232087139800CEC3BE /* Resources */,
			);
			buildRules = (
			);
			dependencies = (
			);
			name = SnakeGame;
			productName = SnakeGame;
			productReference = 87BCC6252087139900CEC3BE /* SnakeGame.app */;
			productType = "com.apple.product-type.application";
		};
		87BCC63C2087139900CEC3BE /* SnakeGameTests */ = {
			isa = PBXNativeTarget;
			buildConfigurationList = 87BCC6492087139900CEC3BE /* Build configuration list for PBXNativeTarget "SnakeGameTests" */;
			buildPhases = (
				87BCC6392087139900CEC3BE /* Sources */,
				87BCC63A2087139900CEC3BE /* Frameworks */,
				87BCC63B2087139900CEC3BE /* Resources */,
			);
			buildRules = (
			);
			dependencies = (
				87BCC63F2087139900CEC3BE /* PBXTargetDependency */,
			);
			name = SnakeGameTests;
			productName = SnakeGameTests;
			productReference = 87BCC63D2087139900CEC3BE /* SnakeGameTests.xctest */;
			productType = "com.apple.product-type.bundle.unit-test";
		};
/* End PBXNativeTarget section */

/* Begin PBXProject section */
		87BCC61D2087139800CEC3BE /* Project object */ = {
			isa = PBXProject;
			attributes = {
				CLASSPREFIX = SG;
				LastUpgradeCheck = 0920;
				ORGANIZATIONNAME = ldbchan;
				TargetAttributes = {
					87BCC6242087139800CEC3BE = {
						CreatedOnToolsVersion = 9.2;
						ProvisioningStyle = Automatic;
					};
					87BCC63C2087139900CEC3BE = {
						CreatedOnToolsVersion = 9.2;
						ProvisioningStyle = Automatic;
						TestTargetID = 87BCC6242087139800CEC3BE;
					};
				};
			};
			buildConfigurationList = 87BCC6202087139800CEC3BE /* Build configuration list for PBXProject "SnakeGame" */;
			compatibilityVersion = "Xcode 8.0";
			developmentRegion = en;
			hasScannedForEncodings = 0;
			knownRegions = (
				en,
				Base,
			);
			mainGroup = 87BCC61C2087139800CEC3BE;
			productRefGroup = 87BCC6262087139900CEC3BE /* Products */;
			projectDirPath = "";
			projectRoot = "";
			targets = (
				87BCC6242087139800CEC3BE /* SnakeGame */,
				87BCC63C2087139900CEC3BE /* SnakeGameTests */,
			);
		};
/* End PBXProject section */

/* Begin PBXResourcesBuildPhase section */
		87BCC6232087139800CEC3BE /* Resources */ = {
			isa = PBXResourcesBuildPhase;
			buildActionMask = 2147483647;
			files = (
				87BCC6352087139900CEC3BE /* LaunchScreen.storyboard in Resources */,
				87BCC6322087139900CEC3BE /* Assets.xcassets in Resources */,
				87BCC6302087139900CEC3BE /* Main.storyboard in Resources */,
			);
			runOnlyForDeploymentPostprocessing = 0;
		};
		87BCC63B2087139900CEC3BE /* Resources */ = {
			isa = PBXResourcesBuildPhase;
			buildActionMask = 2147483647;
			files = (
			);
			runOnlyForDeploymentPostprocessing = 0;
		};
/* End PBXResourcesBuildPhase section */

/* Begin PBXSourcesBuildPhase section */
		87BCC6212087139800CEC3BE /* Sources */ = {
			isa = PBXSourcesBuildPhase;
			buildActionMask = 2147483647;
			files = (
				8709DE362087412D000C744C /* SGSnake.m in Sources */,
				87BCC62D2087139900CEC3BE /* SGViewController.m in Sources */,
				87BCC6382087139900CEC3BE /* main.m in Sources */,
				8709DE3920888269000C744C /* SGGameView.m in Sources */,
				87BA5C88208A58AC00D78E9D /* SGBase.m in Sources */,
				87BCC62A2087139900CEC3BE /* AppDelegate.m in Sources */,
			);
			runOnlyForDeploymentPostprocessing = 0;
		};
		87BCC6392087139900CEC3BE /* Sources */ = {
			isa = PBXSourcesBuildPhase;
			buildActionMask = 2147483647;
			files = (
				87BCC6422087139900CEC3BE /* SnakeGameTests.m in Sources */,
			);
			runOnlyForDeploymentPostprocessing = 0;
		};
/* End PBXSourcesBuildPhase section */

/* Begin PBXTargetDependency section */
		87BCC63F2087139900CEC3BE /* PBXTargetDependency */ = {
			isa = PBXTargetDependency;
			target = 87BCC6242087139800CEC3BE /* SnakeGame */;
			targetProxy = 87BCC63E2087139900CEC3BE /* PBXContainerItemProxy */;
		};
/* End PBXTargetDependency section */

/* Begin PBXVariantGroup section */
		87BCC62E2087139900CEC3BE /* Main.storyboard */ = {
			isa = PBXVariantGroup;
			children = (
				87BCC62F2087139900CEC3BE /* Base */,
			);
			name = Main.storyboard;
			sourceTree = "<group>";
		};
		87BCC6332087139900CEC3BE /* LaunchScreen.storyboard */ = {
			isa = PBXVariantGroup;
			children = (
				87BCC6342087139900CEC3BE /* Base */,
			);
			name = LaunchScreen.storyboard;
			sourceTree = "<group>";
		};
/* End PBXVariantGroup section */

/* Begin XCBuildConfiguration section */
		87BCC6442087139900CEC3BE /* Debug */ = {
			isa = XCBuildConfiguration;
			buildSettings = {
				ALWAYS_SEARCH_USER_PATHS = NO;
				CLANG_ANALYZER_NONNULL = YES;
				CLANG_ANALYZER_NUMBER_OBJECT_CONVERSION = YES_AGGRESSIVE;
				CLANG_CXX_LANGUAGE_STANDARD = "gnu++14";
				CLANG_CXX_LIBRARY = "libc++";
				CLANG_ENABLE_MODULES = YES;
				CLANG_ENABLE_OBJC_ARC = YES;
				CLANG_WARN_BLOCK_CAPTURE_AUTORELEASING = YES;
				CLANG_WARN_BOOL_CONVERSION = YES;
				CLANG_WARN_COMMA = YES;
				CLANG_WARN_CONSTANT_CONVERSION = YES;
				CLANG_WARN_DIRECT_OBJC_ISA_USAGE = YES_ERROR;
				CLANG_WARN_DOCUMENTATION_COMMENTS = YES;
				CLANG_WARN_EMPTY_BODY = YES;
				CLANG_WARN_ENUM_CONVERSION = YES;
				CLANG_WARN_INFINITE_RECURSION = YES;
				CLANG_WARN_INT_CONVERSION = YES;
				CLANG_WARN_NON_LITERAL_NULL_CONVERSION = YES;
				CLANG_WARN_OBJC_LITERAL_CONVERSION = YES;
				CLANG_WARN_OBJC_ROOT_CLASS = YES_ERROR;
				CLANG_WARN_RANGE_LOOP_ANALYSIS = YES;
				CLANG_WARN_STRICT_PROTOTYPES = YES;
				CLANG_WARN_SUSPICIOUS_MOVE = YES;
				CLANG_WARN_UNGUARDED_AVAILABILITY = YES_AGGRESSIVE;
				CLANG_WARN_UNREACHABLE_CODE = YES;
				CLANG_WARN__DUPLICATE_METHOD_MATCH = YES;
				CODE_SIGN_IDENTITY = "iPhone Developer";
				COPY_PHASE_STRIP = NO;
				DEBUG_INFORMATION_FORMAT = dwarf;
				ENABLE_STRICT_OBJC_MSGSEND = YES;
				ENABLE_TESTABILITY = YES;
				GCC_C_LANGUAGE_STANDARD = gnu11;
				GCC_DYNAMIC_NO_PIC = NO;
				GCC_NO_COMMON_BLOCKS = YES;
				GCC_OPTIMIZATION_LEVEL = 0;
				GCC_PREPROCESSOR_DEFINITIONS = (
					"DEBUG=1",
					"$(inherited)",
				);
				GCC_WARN_64_TO_32_BIT_CONVERSION = YES;
				GCC_WARN_ABOUT_RETURN_TYPE = YES_ERROR;
				GCC_WARN_UNDECLARED_SELECTOR = YES;
				GCC_WARN_UNINITIALIZED_AUTOS = YES_AGGRESSIVE;
				GCC_WARN_UNUSED_FUNCTION = YES;
				GCC_WARN_UNUSED_VARIABLE = YES;
				IPHONEOS_DEPLOYMENT_TARGET = 11.2;
				MTL_ENABLE_DEBUG_INFO = YES;
				ONLY_ACTIVE_ARCH = YES;
				SDKROOT = iphoneos;
			};
			name = Debug;
		};
		87BCC6452087139900CEC3BE /* Release */ = {
			isa = XCBuildConfiguration;
			buildSettings = {
				ALWAYS_SEARCH_USER_PATHS = NO;
				CLANG_ANALYZER_NONNULL = YES;
				CLANG_ANALYZER_NUMBER_OBJECT_CONVERSION = YES_AGGRESSIVE;
				CLANG_CXX_LANGUAGE_STANDARD = "gnu++14";
				CLANG_CXX_LIBRARY = "libc++";
				CLANG_ENABLE_MODULES = YES;
				CLANG_ENABLE_OBJC_ARC = YES;
				CLANG_WARN_BLOCK_CAPTURE_AUTORELEASING = YES;
				CLANG_WARN_BOOL_CONVERSION = YES;
				CLANG_WARN_COMMA = YES;
				CLANG_WARN_CONSTANT_CONVERSION = YES;
				CLANG_WARN_DIRECT_OBJC_ISA_USAGE = YES_ERROR;
				CLANG_WARN_DOCUMENTATION_COMMENTS = YES;
				CLANG_WARN_EMPTY_BODY = YES;
				CLANG_WARN_ENUM_CONVERSION = YES;
				CLANG_WARN_INFINITE_RECURSION = YES;
				CLANG_WARN_INT_CONVERSION = YES;
				CLANG_WARN_NON_LITERAL_NULL_CONVERSION = YES;
				CLANG_WARN_OBJC_LITERAL_CONVERSION = YES;
				CLANG_WARN_OBJC_ROOT_CLASS = YES_ERROR;
				CLANG_WARN_RANGE_LOOP_ANALYSIS = YES;
				CLANG_WARN_STRICT_PROTOTYPES = YES;
				CLANG_WARN_SUSPICIOUS_MOVE = YES;
				CLANG_WARN_UNGUARDED_AVAILABILITY = YES_AGGRESSIVE;
				CLANG_WARN_UNREACHABLE_CODE = YES;
				CLANG_WARN__DUPLICATE_METHOD_MATCH = YES;
				CODE_SIGN_IDENTITY = "iPhone Developer";
				COPY_PHASE_STRIP = NO;
				DEBUG_INFORMATION_FORMAT = "dwarf-with-dsym";
				ENABLE_NS_ASSERTIONS = NO;
				ENABLE_STRICT_OBJC_MSGSEND = YES;
				GCC_C_LANGUAGE_STANDARD = gnu11;
				GCC_NO_COMMON_BLOCKS = YES;
				GCC_WARN_64_TO_32_BIT_CONVERSION = YES;
				GCC_WARN_ABOUT_RETURN_TYPE = YES_ERROR;
				GCC_WARN_UNDECLARED_SELECTOR = YES;
				GCC_WARN_UNINITIALIZED_AUTOS = YES_AGGRESSIVE;
				GCC_WARN_UNUSED_FUNCTION = YES;
				GCC_WARN_UNUSED_VARIABLE = YES;
				IPHONEOS_DEPLOYMENT_TARGET = 11.2;
				MTL_ENABLE_DEBUG_INFO = NO;
				SDKROOT = iphoneos;
				VALIDATE_PRODUCT = YES;
			};
			name = Release;
		};
		87BCC6472087139900CEC3BE /* Debug */ = {
			isa = XCBuildConfiguration;
			buildSettings = {
				ASSETCATALOG_COMPILER_APPICON_NAME = AppIcon;
				CODE_SIGN_STYLE = Automatic;
				DEVELOPMENT_TEAM = W2R6VN84QQ;
				INFOPLIST_FILE = SnakeGame/Info.plist;
				LD_RUNPATH_SEARCH_PATHS = "$(inherited) @executable_path/Frameworks";
				PRODUCT_BUNDLE_IDENTIFIER = com.ldbchan.SnakeGame;
				PRODUCT_NAME = "$(TARGET_NAME)";
				TARGETED_DEVICE_FAMILY = "1,2";
			};
			name = Debug;
		};
		87BCC6482087139900CEC3BE /* Release */ = {
			isa = XCBuildConfiguration;
			buildSettings = {
				ASSETCATALOG_COMPILER_APPICON_NAME = AppIcon;
				CODE_SIGN_STYLE = Automatic;
				DEVELOPMENT_TEAM = W2R6VN84QQ;
				INFOPLIST_FILE = SnakeGame/Info.plist;
				LD_RUNPATH_SEARCH_PATHS = "$(inherited) @executable_path/Frameworks";
				PRODUCT_BUNDLE_IDENTIFIER = com.ldbchan.SnakeGame;
				PRODUCT_NAME = "$(TARGET_NAME)";
				TARGETED_DEVICE_FAMILY = "1,2";
			};
			name = Release;
		};
		87BCC64A2087139900CEC3BE /* Debug */ = {
			isa = XCBuildConfiguration;
			buildSettings = {
				BUNDLE_LOADER = "$(TEST_HOST)";
				CODE_SIGN_STYLE = Automatic;
				DEVELOPMENT_TEAM = W2R6VN84QQ;
				INFOPLIST_FILE = SnakeGameTests/Info.plist;
				LD_RUNPATH_SEARCH_PATHS = "$(inherited) @executable_path/Frameworks @loader_path/Frameworks";
				PRODUCT_BUNDLE_IDENTIFIER = com.ldbchan.SnakeGameTests;
				PRODUCT_NAME = "$(TARGET_NAME)";
				TARGETED_DEVICE_FAMILY = "1,2";
				TEST_HOST = "$(BUILT_PRODUCTS_DIR)/SnakeGame.app/SnakeGame";
			};
			name = Debug;
		};
		87BCC64B2087139900CEC3BE /* Release */ = {
			isa = XCBuildConfiguration;
			buildSettings = {
				BUNDLE_LOADER = "$(TEST_HOST)";
				CODE_SIGN_STYLE = Automatic;
				DEVELOPMENT_TEAM = W2R6VN84QQ;
				INFOPLIST_FILE = SnakeGameTests/Info.plist;
				LD_RUNPATH_SEARCH_PATHS = "$(inherited) @executable_path/Frameworks @loader_path/Frameworks";
				PRODUCT_BUNDLE_IDENTIFIER = com.ldbchan.SnakeGameTests;
				PRODUCT_NAME = "$(TARGET_NAME)";
				TARGETED_DEVICE_FAMILY = "1,2";
				TEST_HOST = "$(BUILT_PRODUCTS_DIR)/SnakeGame.app/SnakeGame";
			};
			name = Release;
		};
/* End XCBuildConfiguration section */

/* Begin XCConfigurationList section */
		87BCC6202087139800CEC3BE /* Build configuration list for PBXProject "SnakeGame" */ = {
			isa = XCConfigurationList;
			buildConfigurations = (
				87BCC6442087139900CEC3BE /* Debug */,
				87BCC6452087139900CEC3BE /* Release */,
			);
			defaultConfigurationIsVisible = 0;
			defaultConfigurationName = Release;
		};
		87BCC6462087139900CEC3BE /* Build configuration list for PBXNativeTarget "SnakeGame" */ = {
			isa = XCConfigurationList;
			buildConfigurations = (
				87BCC6472087139900CEC3BE /* Debug */,
				87BCC6482087139900CEC3BE /* Release */,
			);
			defaultConfigurationIsVisible = 0;
			defaultConfigurationName = Release;
		};
		87BCC6492087139900CEC3BE /* Build configuration list for PBXNativeTarget "SnakeGameTests" */ = {
			isa = XCConfigurationList;
			buildConfigurations = (
				87BCC64A2087139900CEC3BE /* Debug */,
				87BCC64B2087139900CEC3BE /* Release */,
			);
			defaultConfigurationIsVisible = 0;
			defaultConfigurationName = Release;
		};
/* End XCConfigurationList section */
	};
	rootObject = 87BCC61D2087139800CEC3BE /* Project object */;
}
